
Microsoft Visual Studio Solution File, Format Version 12.00
# Visual Studio Version 17
VisualStudioVersion = 17.4.33213.308
MinimumVisualStudioVersion = 10.0.40219.1
Project("{9A19103F-16F7-4668-BE54-9A1E7A4F7556}") = "Suppliers.Domain", "Suppliers.Domain\Suppliers.Domain.csproj", "{E9E3343D-DD29-4557-8EB0-C56E457FFCEF}"
EndProject
Project("{9A19103F-16F7-4668-BE54-9A1E7A4F7556}") = "Suppliers.Persistence", "Suppliers.Persistence\Suppliers.Persistence.csproj", "{7C47C0BC-81AF-4583-982E-A2681D58ABCF}"
EndProject
Project("{9A19103F-16F7-4668-BE54-9A1E7A4F7556}") = "Suppliers.Application", "Suppliers.Application\Suppliers.Application.csproj", "{2E60ACE0-2261-4479-9643-D5782E4EE081}"
EndProject
Project("{9A19103F-16F7-4668-BE54-9A1E7A4F7556}") = "Suppliers.WebApi", "Suppliers.WebApi\Suppliers.WebApi.csproj", "{AF95EAA3-2A55-43D4-B13E-81EE1335F61E}"
EndProject
Project("{FAE04EC0-301F-11D3-BF4B-00C04F79EFBC}") = "Suppliers.Tests", "Suppliers.Tests\Suppliers.Tests.csproj", "{754B88C5-716B-4974-B97A-FBB49196FD38}"
EndProject
Global
	GlobalSection(SolutionConfigurationPlatforms) = preSolution
		Debug|Any CPU = Debug|Any CPU
		Release|Any CPU = Release|Any CPU
	EndGlobalSection
	GlobalSection(ProjectConfigurationPlatforms) = postSolution
		{E9E3343D-DD29-4557-8EB0-C56E457FFCEF}.Debug|Any CPU.ActiveCfg = Debug|Any CPU
		{E9E3343D-DD29-4557-8EB0-C56E457FFCEF}.Debug|Any CPU.Build.0 = Debug|Any CPU
		{E9E3343D-DD29-4557-8EB0-C56E457FFCEF}.Release|Any CPU.ActiveCfg = Release|Any CPU
		{E9E3343D-DD29-4557-8EB0-C56E457FFCEF}.Release|Any CPU.Build.0 = Release|Any CPU
		{7C47C0BC-81AF-4583-982E-A2681D58ABCF}.Debug|Any CPU.ActiveCfg = Debug|Any CPU
		{7C47C0BC-81AF-4583-982E-A2681D58ABCF}.Debug|Any CPU.Build.0 = Debug|Any CPU
		{7C47C0BC-81AF-4583-982E-A2681D58ABCF}.Release|Any CPU.ActiveCfg = Release|Any CPU
		{7C47C0BC-81AF-4583-982E-A2681D58ABCF}.Release|Any CPU.Build.0 = Release|Any CPU
		{2E60ACE0-2261-4479-9643-D5782E4EE081}.Debug|Any CPU.ActiveCfg = Debug|Any CPU
		{2E60ACE0-2261-4479-9643-D5782E4EE081}.Debug|Any CPU.Build.0 = Debug|Any CPU
		{2E60ACE0-2261-4479-9643-D5782E4EE081}.Release|Any CPU.ActiveCfg = Release|Any CPU
		{2E60ACE0-2261-4479-9643-D5782E4EE081}.Release|Any CPU.Build.0 = Release|Any CPU
		{AF95EAA3-2A55-43D4-B13E-81EE1335F61E}.Debug|Any CPU.ActiveCfg = Debug|Any CPU
		{AF95EAA3-2A55-43D4-B13E-81EE1335F61E}.Debug|Any CPU.Build.0 = Debug|Any CPU
		{AF95EAA3-2A55-43D4-B13E-81EE1335F61E}.Release|Any CPU.ActiveCfg = Release|Any CPU
		{AF95EAA3-2A55-43D4-B13E-81EE1335F61E}.Release|Any CPU.Build.0 = Release|Any CPU
		{754B88C5-716B-4974-B97A-FBB49196FD38}.Debug|Any CPU.ActiveCfg = Debug|Any CPU
		{754B88C5-716B-4974-B97A-FBB49196FD38}.Debug|Any CPU.Build.0 = Debug|Any CPU
		{754B88C5-716B-4974-B97A-FBB49196FD38}.Release|Any CPU.ActiveCfg = Release|Any CPU
		{754B88C5-716B-4974-B97A-FBB49196FD38}.Release|Any CPU.Build.0 = Release|Any CPU
	EndGlobalSection
	GlobalSection(SolutionProperties) = preSolution
		HideSolutionNode = FALSE
	EndGlobalSection
	GlobalSection(ExtensibilityGlobals) = postSolution
		SolutionGuid = {472E8636-B242-4721-BCDB-5177D12C2183}
	EndGlobalSection
EndGlobal
